
Microsoft Visual Studio Solution File, Format Version 12.00
# Visual Studio Version 17
VisualStudioVersion = 17.7.34009.444
MinimumVisualStudioVersion = 10.0.40219.1
Project("{FAE04EC0-301F-11D3-BF4B-00C04F79EFBC}") = "CapaPresentacion", "CapaPresentacion.csproj", "{D49F2D07-61B7-4874-AAF5-5BFB27B24106}"
EndProject
Project("{FAE04EC0-301F-11D3-BF4B-00C04F79EFBC}") = "CapaEntidad", "..\CapaEntidad\CapaEntidad.csproj", "{34F67758-41C8-4C69-BB0F-FAE73BF469C4}"
EndProject
Project("{FAE04EC0-301F-11D3-BF4B-00C04F79EFBC}") = "CapaDatos", "..\CapaDatos\CapaDatos.csproj", "{B31DF914-423B-4DD2-BF2D-A2D55573CF0F}"
EndProject
Project("{FAE04EC0-301F-11D3-BF4B-00C04F79EFBC}") = "CapaLogicaNegocio", "..\CapaLogicaNegocio\CapaLogicaNegocio.csproj", "{6F8705D1-82FF-4E9F-9AF1-939E4E03135F}"
EndProject
Global
	GlobalSection(SolutionConfigurationPlatforms) = preSolution
		Debug|Any CPU = Debug|Any CPU
		Release|Any CPU = Release|Any CPU
	EndGlobalSection
	GlobalSection(ProjectConfigurationPlatforms) = postSolution
		{D49F2D07-61B7-4874-AAF5-5BFB27B24106}.Debug|Any CPU.ActiveCfg = Debug|Any CPU
		{D49F2D07-61B7-4874-AAF5-5BFB27B24106}.Debug|Any CPU.Build.0 = Debug|Any CPU
		{D49F2D07-61B7-4874-AAF5-5BFB27B24106}.Release|Any CPU.ActiveCfg = Release|Any CPU
		{D49F2D07-61B7-4874-AAF5-5BFB27B24106}.Release|Any CPU.Build.0 = Release|Any CPU
		{34F67758-41C8-4C69-BB0F-FAE73BF469C4}.Debug|Any CPU.ActiveCfg = Debug|Any CPU
		{34F67758-41C8-4C69-BB0F-FAE73BF469C4}.Debug|Any CPU.Build.0 = Debug|Any CPU
		{34F67758-41C8-4C69-BB0F-FAE73BF469C4}.Release|Any CPU.ActiveCfg = Release|Any CPU
		{34F67758-41C8-4C69-BB0F-FAE73BF469C4}.Release|Any CPU.Build.0 = Release|Any CPU
		{B31DF914-423B-4DD2-BF2D-A2D55573CF0F}.Debug|Any CPU.ActiveCfg = Debug|Any CPU
		{B31DF914-423B-4DD2-BF2D-A2D55573CF0F}.Debug|Any CPU.Build.0 = Debug|Any CPU
		{B31DF914-423B-4DD2-BF2D-A2D55573CF0F}.Release|Any CPU.ActiveCfg = Release|Any CPU
		{B31DF914-423B-4DD2-BF2D-A2D55573CF0F}.Release|Any CPU.Build.0 = Release|Any CPU
		{6F8705D1-82FF-4E9F-9AF1-939E4E03135F}.Debug|Any CPU.ActiveCfg = Debug|Any CPU
		{6F8705D1-82FF-4E9F-9AF1-939E4E03135F}.Debug|Any CPU.Build.0 = Debug|Any CPU
		{6F8705D1-82FF-4E9F-9AF1-939E4E03135F}.Release|Any CPU.ActiveCfg = Release|Any CPU
		{6F8705D1-82FF-4E9F-9AF1-939E4E03135F}.Release|Any CPU.Build.0 = Release|Any CPU
	EndGlobalSection
	GlobalSection(SolutionProperties) = preSolution
		HideSolutionNode = FALSE
	EndGlobalSection
	GlobalSection(ExtensibilityGlobals) = postSolution
		SolutionGuid = {F298D3FE-C134-431C-AFA7-573CE3C9E4F0}
	EndGlobalSection
EndGlobal
